Microsoft Visual Studio Solution File, Format Version 12.00
# Visual Studio Version 17
VisualStudioVersion = 17.5.2.0
MinimumVisualStudioVersion = 10.0.40219.1
Project("{FAE04EC0-301F-11D3-BF4B-00C04F79EFBC}") = "MyMvcApp", "MyMvcApp.csproj", "{D76827D5-89F6-81A6-8EF5-0164960752AD}"
EndProject
Global
	GlobalSection(SolutionConfigurationPlatforms) = preSolution
		Debug|Any CPU = Debug|Any CPU
		Release|Any CPU = Release|Any CPU
	EndGlobalSection
	GlobalSection(ProjectConfigurationPlatforms) = postSolution
		{D76827D5-89F6-81A6-8EF5-0164960752AD}.Debug|Any CPU.ActiveCfg = Debug|Any CPU
		{D76827D5-89F6-81A6-8EF5-0164960752AD}.Debug|Any CPU.Build.0 = Debug|Any CPU
		{D76827D5-89F6-81A6-8EF5-0164960752AD}.Release|Any CPU.ActiveCfg = Release|Any CPU
		{D76827D5-89F6-81A6-8EF5-0164960752AD}.Release|Any CPU.Build.0 = Release|Any CPU
	EndGlobalSection
	GlobalSection(SolutionProperties) = preSolution
		HideSolutionNode = FALSE
	EndGlobalSection
	GlobalSection(ExtensibilityGlobals) = postSolution
		SolutionGuid = {80A34947-99F7-4CF8-878E-266EC5526BD7}
	EndGlobalSection
EndGlobal
